
Microsoft Visual Studio Solution File, Format Version 12.00
# Visual Studio 15
VisualStudioVersion = 15.0.28307.271
MinimumVisualStudioVersion = 10.0.40219.1
Project("{9A19103F-16F7-4668-BE54-9A1E7A4F7556}") = "VacationsTracker.Core", "VacationsTracker.Core\VacationsTracker.Core.csproj", "{47BBAC44-275A-4718-80AC-62A218EF914A}"
EndProject
Project("{FAE04EC0-301F-11D3-BF4B-00C04F79EFBC}") = "VacationsTracker.Droid", "VacationsTracker.Android\VacationsTracker.Droid.csproj", "{CDD1C44A-AFF0-489C-8497-8A0C32238B39}"
EndProject
Project("{FAE04EC0-301F-11D3-BF4B-00C04F79EFBC}") = "VacationsTracker.iOS", "VacationsTracker.iOS\VacationsTracker.iOS.csproj", "{80A96B52-6758-4BDB-B0B4-CEA4CA155C60}"
EndProject
Global
	GlobalSection(SolutionConfigurationPlatforms) = preSolution
		Debug|Any CPU = Debug|Any CPU
		Debug|iPhone = Debug|iPhone
		Debug|iPhoneSimulator = Debug|iPhoneSimulator
		Release|Any CPU = Release|Any CPU
		Release|iPhone = Release|iPhone
		Release|iPhoneSimulator = Release|iPhoneSimulator
	EndGlobalSection
	GlobalSection(ProjectConfigurationPlatforms) = postSolution
		{47BBAC44-275A-4718-80AC-62A218EF914A}.Debug|Any CPU.ActiveCfg = Debug|Any CPU
		{47BBAC44-275A-4718-80AC-62A218EF914A}.Debug|Any CPU.Build.0 = Debug|Any CPU
		{47BBAC44-275A-4718-80AC-62A218EF914A}.Debug|iPhone.ActiveCfg = Debug|Any CPU
		{47BBAC44-275A-4718-80AC-62A218EF914A}.Debug|iPhone.Build.0 = Debug|Any CPU
		{47BBAC44-275A-4718-80AC-62A218EF914A}.Debug|iPhoneSimulator.ActiveCfg = Debug|Any CPU
		{47BBAC44-275A-4718-80AC-62A218EF914A}.Debug|iPhoneSimulator.Build.0 = Debug|Any CPU
		{47BBAC44-275A-4718-80AC-62A218EF914A}.Release|Any CPU.ActiveCfg = Release|Any CPU
		{47BBAC44-275A-4718-80AC-62A218EF914A}.Release|Any CPU.Build.0 = Release|Any CPU
		{47BBAC44-275A-4718-80AC-62A218EF914A}.Release|iPhone.ActiveCfg = Release|Any CPU
		{47BBAC44-275A-4718-80AC-62A218EF914A}.Release|iPhone.Build.0 = Release|Any CPU
		{47BBAC44-275A-4718-80AC-62A218EF914A}.Release|iPhoneSimulator.ActiveCfg = Release|Any CPU
		{47BBAC44-275A-4718-80AC-62A218EF914A}.Release|iPhoneSimulator.Build.0 = Release|Any CPU
		{CDD1C44A-AFF0-489C-8497-8A0C32238B39}.Debug|Any CPU.ActiveCfg = Debug|Any CPU
		{CDD1C44A-AFF0-489C-8497-8A0C32238B39}.Debug|Any CPU.Build.0 = Debug|Any CPU
		{CDD1C44A-AFF0-489C-8497-8A0C32238B39}.Debug|Any CPU.Deploy.0 = Debug|Any CPU
		{CDD1C44A-AFF0-489C-8497-8A0C32238B39}.Debug|iPhone.ActiveCfg = Debug|Any CPU
		{CDD1C44A-AFF0-489C-8497-8A0C32238B39}.Debug|iPhone.Build.0 = Debug|Any CPU
		{CDD1C44A-AFF0-489C-8497-8A0C32238B39}.Debug|iPhone.Deploy.0 = Debug|Any CPU
		{CDD1C44A-AFF0-489C-8497-8A0C32238B39}.Debug|iPhoneSimulator.ActiveCfg = Debug|Any CPU
		{CDD1C44A-AFF0-489C-8497-8A0C32238B39}.Debug|iPhoneSimulator.Build.0 = Debug|Any CPU
		{CDD1C44A-AFF0-489C-8497-8A0C32238B39}.Debug|iPhoneSimulator.Deploy.0 = Debug|Any CPU
		{CDD1C44A-AFF0-489C-8497-8A0C32238B39}.Release|Any CPU.ActiveCfg = Release|Any CPU
		{CDD1C44A-AFF0-489C-8497-8A0C32238B39}.Release|Any CPU.Build.0 = Release|Any CPU
		{CDD1C44A-AFF0-489C-8497-8A0C32238B39}.Release|Any CPU.Deploy.0 = Release|Any CPU
		{CDD1C44A-AFF0-489C-8497-8A0C32238B39}.Release|iPhone.ActiveCfg = Release|Any CPU
		{CDD1C44A-AFF0-489C-8497-8A0C32238B39}.Release|iPhone.Build.0 = Release|Any CPU
		{CDD1C44A-AFF0-489C-8497-8A0C32238B39}.Release|iPhone.Deploy.0 = Release|Any CPU
		{CDD1C44A-AFF0-489C-8497-8A0C32238B39}.Release|iPhoneSimulator.ActiveCfg = Release|Any CPU
		{CDD1C44A-AFF0-489C-8497-8A0C32238B39}.Release|iPhoneSimulator.Build.0 = Release|Any CPU
		{CDD1C44A-AFF0-489C-8497-8A0C32238B39}.Release|iPhoneSimulator.Deploy.0 = Release|Any CPU
		{80A96B52-6758-4BDB-B0B4-CEA4CA155C60}.Debug|Any CPU.ActiveCfg = Debug|iPhone
		{80A96B52-6758-4BDB-B0B4-CEA4CA155C60}.Debug|iPhone.ActiveCfg = Debug|iPhone
		{80A96B52-6758-4BDB-B0B4-CEA4CA155C60}.Debug|iPhone.Build.0 = Debug|iPhone
		{80A96B52-6758-4BDB-B0B4-CEA4CA155C60}.Debug|iPhoneSimulator.ActiveCfg = Debug|iPhoneSimulator
		{80A96B52-6758-4BDB-B0B4-CEA4CA155C60}.Debug|iPhoneSimulator.Build.0 = Debug|iPhoneSimulator
		{80A96B52-6758-4BDB-B0B4-CEA4CA155C60}.Release|Any CPU.ActiveCfg = Release|iPhone
		{80A96B52-6758-4BDB-B0B4-CEA4CA155C60}.Release|iPhone.ActiveCfg = Release|iPhone
		{80A96B52-6758-4BDB-B0B4-CEA4CA155C60}.Release|iPhone.Build.0 = Release|iPhone
		{80A96B52-6758-4BDB-B0B4-CEA4CA155C60}.Release|iPhoneSimulator.ActiveCfg = Release|iPhoneSimulator
		{80A96B52-6758-4BDB-B0B4-CEA4CA155C60}.Release|iPhoneSimulator.Build.0 = Release|iPhoneSimulator
	EndGlobalSection
	GlobalSection(SolutionProperties) = preSolution
		HideSolutionNode = FALSE
	EndGlobalSection
	GlobalSection(ExtensibilityGlobals) = postSolution
		SolutionGuid = {EBF1BF6F-8F4A-4443-BDFE-31AACF17C2E1}
	EndGlobalSection
EndGlobal
